
Microsoft Visual Studio Solution File, Format Version 12.00
# Visual Studio 15
VisualStudioVersion = 15.0.28010.2026
MinimumVisualStudioVersion = 10.0.40219.1
Project("{9A19103F-16F7-4668-BE54-9A1E7A4F7556}") = "SQLiteUnity3D", "SQLiteUnity3D\SQLiteUnity3D.csproj", "{E5211657-9DE7-4E57-810D-5FC2E86E469D}"
EndProject
Global
	GlobalSection(SolutionConfigurationPlatforms) = preSolution
		Debug|Any CPU = Debug|Any CPU
		Release|Any CPU = Release|Any CPU
	EndGlobalSection
	GlobalSection(ProjectConfigurationPlatforms) = postSolution
		{E5211657-9DE7-4E57-810D-5FC2E86E469D}.Debug|Any CPU.ActiveCfg = Debug|Any CPU
		{E5211657-9DE7-4E57-810D-5FC2E86E469D}.Debug|Any CPU.Build.0 = Debug|Any CPU
		{E5211657-9DE7-4E57-810D-5FC2E86E469D}.Release|Any CPU.ActiveCfg = Release|Any CPU
		{E5211657-9DE7-4E57-810D-5FC2E86E469D}.Release|Any CPU.Build.0 = Release|Any CPU
	EndGlobalSection
	GlobalSection(SolutionProperties) = preSolution
		HideSolutionNode = FALSE
	EndGlobalSection
	GlobalSection(ExtensibilityGlobals) = postSolution
		SolutionGuid = {0E564194-5F8A-4A79-B498-0C5A6C2CFABD}
	EndGlobalSection
EndGlobal
